{
    "_readme": [
        "This file locks the dependencies of your project to a known state",
        "Read more about it at https://getcomposer.org/doc/01-basic-usage.md#composer-lock-the-lock-file",
        "This file is @generated automatically"
    ],
    "hash": "87450bed27b77b5a61373bc11d21756a",
    "content-hash": "b6762c00ac0ace952c572afb9f89b883",
    "packages": [
        {
            "name": "dfrei/wp-util",
            "version": "dev-master",
            "dist": {
                "type": "path",
                "url": "/Users/dougfrei/Development/WordPress/WPUtil",
                "reference": null,
                "shasum": null
            },
            "require": {
                "php": "^7.0"
            },
            "type": "library",
            "autoload": {
                "psr-4": {
                    "WPUtil\\": "src"
                }
            },
            "license": [
                "MIT"
            ],
            "authors": [
                {
                    "name": "Doug Frei",
                    "email": "dougfrei@gmail.com"
                }
            ],
            "description": "Collection of common functions and utilities for WordPress",
            "keywords": [
                "utilities",
                "wordpress"
            ]
        }
    ],
    "packages-dev": [],
    "aliases": [],
    "minimum-stability": "stable",
    "stability-flags": {
        "dfrei/wp-util": 20
    },
    "prefer-stable": false,
    "prefer-lowest": false,
    "platform": [],
    "platform-dev": []
}
