{
    "_readme": [
        "This file locks the dependencies of your project to a known state",
        "Read more about it at https://getcomposer.org/doc/01-basic-usage.md#installing-dependencies",
        "This file is @generated automatically"
    ],
    "content-hash": "f939dc5067b42ebfa62d2a09ce96e799",
    "packages": [
        {
            "name": "dfrei/wp-util",
            "version": "2.0.9",
            "source": {
                "type": "git",
                "url": "https://github.com/dougfrei/wp-util.git",
                "reference": "b6bad77e95be8f46a644f4e10591af94329bc92e"
            },
            "dist": {
                "type": "zip",
                "url": "https://api.github.com/repos/dougfrei/wp-util/zipball/b6bad77e95be8f46a644f4e10591af94329bc92e",
                "reference": "b6bad77e95be8f46a644f4e10591af94329bc92e",
                "shasum": ""
            },
            "require": {
                "php": ">=7.2"
            },
            "type": "library",
            "autoload": {
                "psr-4": {
                    "WPUtil\\": "src"
                }
            },
            "notification-url": "https://packagist.org/downloads/",
            "license": [
                "MIT"
            ],
            "authors": [
                {
                    "name": "Doug Frei",
                    "email": "dougfrei@gmail.com"
                }
            ],
            "description": "Collection of common functions and utilities for WordPress",
            "keywords": [
                "utilities",
                "wordpress"
            ],
            "support": {
                "issues": "https://github.com/dougfrei/wp-util/issues",
                "source": "https://github.com/dougfrei/wp-util/tree/2.0.9"
            },
            "time": "2021-02-01T17:59:02+00:00"
        }
    ],
    "packages-dev": [],
    "aliases": [],
    "minimum-stability": "stable",
    "stability-flags": [],
    "prefer-stable": false,
    "prefer-lowest": false,
    "platform": [],
    "platform-dev": [],
    "plugin-api-version": "2.0.0"
}
